
Microsoft Visual Studio Solution File, Format Version 12.00
# Visual Studio 15
VisualStudioVersion = 15.0.27004.2006
MinimumVisualStudioVersion = 10.0.40219.1
Project("{FAE04EC0-301F-11D3-BF4B-00C04F79EFBC}") = "ListProcessingApp", "ListProcessingApp\ListProcessingApp.csproj", "{4CAAE019-C7DF-4E7A-9348-B8CF6D7B69D2}"
EndProject
Global
	GlobalSection(SolutionConfigurationPlatforms) = preSolution
		Debug|Any CPU = Debug|Any CPU
		Release|Any CPU = Release|Any CPU
	EndGlobalSection
	GlobalSection(ProjectConfigurationPlatforms) = postSolution
		{4CAAE019-C7DF-4E7A-9348-B8CF6D7B69D2}.Debug|Any CPU.ActiveCfg = Debug|Any CPU
		{4CAAE019-C7DF-4E7A-9348-B8CF6D7B69D2}.Debug|Any CPU.Build.0 = Debug|Any CPU
		{4CAAE019-C7DF-4E7A-9348-B8CF6D7B69D2}.Release|Any CPU.ActiveCfg = Release|Any CPU
		{4CAAE019-C7DF-4E7A-9348-B8CF6D7B69D2}.Release|Any CPU.Build.0 = Release|Any CPU
	EndGlobalSection
	GlobalSection(SolutionProperties) = preSolution
		HideSolutionNode = FALSE
	EndGlobalSection
	GlobalSection(ExtensibilityGlobals) = postSolution
		SolutionGuid = {F51494ED-349E-4567-99F9-8E2E817339EE}
	EndGlobalSection
EndGlobal
